
Microsoft Visual Studio Solution File, Format Version 12.00
# Visual Studio 15
Project("{FAE04EC0-301F-11D3-BF4B-00C04F79EFBC}") = "Assembly-CSharp", "Assembly-CSharp.csproj", "{8195B794-76D1-4A22-DE32-C78F41FE450B}"
EndProject
Global
	GlobalSection(SolutionConfigurationPlatforms) = preSolution
		Debug|Any CPU = Debug|Any CPU
		Release|Any CPU = Release|Any CPU
	EndGlobalSection
	GlobalSection(ProjectConfigurationPlatforms) = postSolution
		{8195B794-76D1-4A22-DE32-C78F41FE450B}.Debug|Any CPU.ActiveCfg = Debug|Any CPU
		{8195B794-76D1-4A22-DE32-C78F41FE450B}.Debug|Any CPU.Build.0 = Debug|Any CPU
		{8195B794-76D1-4A22-DE32-C78F41FE450B}.Release|Any CPU.ActiveCfg = Release|Any CPU
		{8195B794-76D1-4A22-DE32-C78F41FE450B}.Release|Any CPU.Build.0 = Release|Any CPU
	EndGlobalSection
	GlobalSection(SolutionProperties) = preSolution
		HideSolutionNode = FALSE
	EndGlobalSection
EndGlobal
